// !$*UTF8*$!
{
	archiveVersion = 1;
	classes = {
	};
	objectVersion = 56;
	objects = {

/* Begin PBXBuildFile section */
		604199789D641D28889E9B05 /* Pods_Marvel.framework in Frameworks */ = {isa = PBXBuildFile; fileRef = 87EFF4F0F52D9F27CD2C1868 /* Pods_Marvel.framework */; };
		F638FEDC2B641AA900A729FC /* AppDelegate.swift in Sources */ = {isa = PBXBuildFile; fileRef = F638FEDB2B641AA900A729FC /* AppDelegate.swift */; };
		F638FEDE2B641AA900A729FC /* SceneDelegate.swift in Sources */ = {isa = PBXBuildFile; fileRef = F638FEDD2B641AA900A729FC /* SceneDelegate.swift */; };
		F638FEE52B641AAA00A729FC /* Assets.xcassets in Resources */ = {isa = PBXBuildFile; fileRef = F638FEE42B641AAA00A729FC /* Assets.xcassets */; };
		F638FEE82B641AAA00A729FC /* LaunchScreen.storyboard in Resources */ = {isa = PBXBuildFile; fileRef = F638FEE62B641AAA00A729FC /* LaunchScreen.storyboard */; };
		F638FEF32B641AAA00A729FC /* MarvelTests.swift in Sources */ = {isa = PBXBuildFile; fileRef = F638FEF22B641AAA00A729FC /* MarvelTests.swift */; };
		F638FEFD2B641AAA00A729FC /* MarvelUITests.swift in Sources */ = {isa = PBXBuildFile; fileRef = F638FEFC2B641AAA00A729FC /* MarvelUITests.swift */; };
		F638FEFF2B641AAA00A729FC /* MarvelUITestsLaunchTests.swift in Sources */ = {isa = PBXBuildFile; fileRef = F638FEFE2B641AAA00A729FC /* MarvelUITestsLaunchTests.swift */; };
		F638FF0D2B641C4300A729FC /* MainVC.swift in Sources */ = {isa = PBXBuildFile; fileRef = F638FF0B2B641C4300A729FC /* MainVC.swift */; };
		F638FF182B64285D00A729FC /* MainTableViewCell.swift in Sources */ = {isa = PBXBuildFile; fileRef = F638FF172B64285D00A729FC /* MainTableViewCell.swift */; };
		F638FF1A2B64517600A729FC /* NetworkManager.swift in Sources */ = {isa = PBXBuildFile; fileRef = F638FF192B64517600A729FC /* NetworkManager.swift */; };
		F66A3DC92B67C0C400D72541 /* UiView + Loader.swift in Sources */ = {isa = PBXBuildFile; fileRef = F66A3DC82B67C0C400D72541 /* UiView + Loader.swift */; };
		F66A3DCB2B6816E300D72541 /* CinematicWorkCollectionViewCell.swift in Sources */ = {isa = PBXBuildFile; fileRef = F66A3DCA2B6816E300D72541 /* CinematicWorkCollectionViewCell.swift */; };
		F66A3DCD2B68522A00D72541 /* PreviewVC.swift in Sources */ = {isa = PBXBuildFile; fileRef = F66A3DCC2B68522A00D72541 /* PreviewVC.swift */; };
		F6919EE32B64FBC3009CBDA1 /* CharacterModel.swift in Sources */ = {isa = PBXBuildFile; fileRef = F6919EE22B64FBC3009CBDA1 /* CharacterModel.swift */; };
		F6919EE52B650B55009CBDA1 /* UIView+Constranits.swift in Sources */ = {isa = PBXBuildFile; fileRef = F6919EE42B650B55009CBDA1 /* UIView+Constranits.swift */; };
		F6919EE72B650E06009CBDA1 /* CharacterDetails.swift in Sources */ = {isa = PBXBuildFile; fileRef = F6919EE62B650E06009CBDA1 /* CharacterDetails.swift */; };
		F6919EE92B651394009CBDA1 /* Utilities.swift in Sources */ = {isa = PBXBuildFile; fileRef = F6919EE82B651394009CBDA1 /* Utilities.swift */; };
		F6919EEB2B6517D9009CBDA1 /* MD5Alogrithm.swift in Sources */ = {isa = PBXBuildFile; fileRef = F6919EEA2B6517D9009CBDA1 /* MD5Alogrithm.swift */; };
		F6919EED2B65599D009CBDA1 /* MainViewModel.swift in Sources */ = {isa = PBXBuildFile; fileRef = F6919EEC2B65599D009CBDA1 /* MainViewModel.swift */; };
		F6919EEF2B65A509009CBDA1 /* SDWebImage.swift in Sources */ = {isa = PBXBuildFile; fileRef = F6919EEE2B65A509009CBDA1 /* SDWebImage.swift */; };
		F6919EF12B65D1D6009CBDA1 /* UIView+Parallelogram.swift in Sources */ = {isa = PBXBuildFile; fileRef = F6919EF02B65D1D6009CBDA1 /* UIView+Parallelogram.swift */; };
		F6919EF32B668F04009CBDA1 /* Heroes Header.swift in Sources */ = {isa = PBXBuildFile; fileRef = F6919EF22B668F04009CBDA1 /* Heroes Header.swift */; };
		F6919EF52B669060009CBDA1 /* HeroesDetailsViewModel.swift in Sources */ = {isa = PBXBuildFile; fileRef = F6919EF42B669060009CBDA1 /* HeroesDetailsViewModel.swift */; };
		F6919EF72B6699EB009CBDA1 /* HeroDetailsVC.swift in Sources */ = {isa = PBXBuildFile; fileRef = F6919EF62B6699EB009CBDA1 /* HeroDetailsVC.swift */; };
		F6919EF92B66B8AD009CBDA1 /* CollectionViewCell.swift in Sources */ = {isa = PBXBuildFile; fileRef = F6919EF82B66B8AD009CBDA1 /* CollectionViewCell.swift */; };
		F6919EFB2B66C845009CBDA1 /* DescriptionCell.swift in Sources */ = {isa = PBXBuildFile; fileRef = F6919EFA2B66C845009CBDA1 /* DescriptionCell.swift */; };
		F6DC086F2B691F3300D291B8 /* PreviewCell.swift in Sources */ = {isa = PBXBuildFile; fileRef = F6DC086E2B691F3300D291B8 /* PreviewCell.swift */; };
		F6DC08712B693D8C00D291B8 /* SplashVC.swift in Sources */ = {isa = PBXBuildFile; fileRef = F6DC08702B693D8C00D291B8 /* SplashVC.swift */; };
/* End PBXBuildFile section */

/* Begin PBXContainerItemProxy section */
		F638FEEF2B641AAA00A729FC /* PBXContainerItemProxy */ = {
			isa = PBXContainerItemProxy;
			containerPortal = F638FED02B641AA900A729FC /* Project object */;
			proxyType = 1;
			remoteGlobalIDString = F638FED72B641AA900A729FC;
			remoteInfo = Marvel;
		};
		F638FEF92B641AAA00A729FC /* PBXContainerItemProxy */ = {
			isa = PBXContainerItemProxy;
			containerPortal = F638FED02B641AA900A729FC /* Project object */;
			proxyType = 1;
			remoteGlobalIDString = F638FED72B641AA900A729FC;
			remoteInfo = Marvel;
		};
/* End PBXContainerItemProxy section */

/* Begin PBXFileReference section */
		87EFF4F0F52D9F27CD2C1868 /* Pods_Marvel.framework */ = {isa = PBXFileReference; explicitFileType = wrapper.framework; includeInIndex = 0; path = Pods_Marvel.framework; sourceTree = BUILT_PRODUCTS_DIR; };
		A1C340CCF344E3A1D4CB4094 /* Pods-Marvel.debug.xcconfig */ = {isa = PBXFileReference; includeInIndex = 1; lastKnownFileType = text.xcconfig; name = "Pods-Marvel.debug.xcconfig"; path = "Target Support Files/Pods-Marvel/Pods-Marvel.debug.xcconfig"; sourceTree = "<group>"; };
		E2FB14A2B3A8674BC6E7F904 /* Pods-Marvel.release.xcconfig */ = {isa = PBXFileReference; includeInIndex = 1; lastKnownFileType = text.xcconfig; name = "Pods-Marvel.release.xcconfig"; path = "Target Support Files/Pods-Marvel/Pods-Marvel.release.xcconfig"; sourceTree = "<group>"; };
		F638FED82B641AA900A729FC /* Marvel.app */ = {isa = PBXFileReference; explicitFileType = wrapper.application; includeInIndex = 0; path = Marvel.app; sourceTree = BUILT_PRODUCTS_DIR; };
		F638FEDB2B641AA900A729FC /* AppDelegate.swift */ = {isa = PBXFileReference; lastKnownFileType = sourcecode.swift; path = AppDelegate.swift; sourceTree = "<group>"; };
		F638FEDD2B641AA900A729FC /* SceneDelegate.swift */ = {isa = PBXFileReference; lastKnownFileType = sourcecode.swift; path = SceneDelegate.swift; sourceTree = "<group>"; };
		F638FEE42B641AAA00A729FC /* Assets.xcassets */ = {isa = PBXFileReference; lastKnownFileType = folder.assetcatalog; path = Assets.xcassets; sourceTree = "<group>"; };
		F638FEE72B641AAA00A729FC /* Base */ = {isa = PBXFileReference; lastKnownFileType = file.storyboard; name = Base; path = Base.lproj/LaunchScreen.storyboard; sourceTree = "<group>"; };
		F638FEE92B641AAA00A729FC /* Info.plist */ = {isa = PBXFileReference; lastKnownFileType = text.plist.xml; path = Info.plist; sourceTree = "<group>"; };
		F638FEEE2B641AAA00A729FC /* MarvelTests.xctest */ = {isa = PBXFileReference; explicitFileType = wrapper.cfbundle; includeInIndex = 0; path = MarvelTests.xctest; sourceTree = BUILT_PRODUCTS_DIR; };
		F638FEF22B641AAA00A729FC /* MarvelTests.swift */ = {isa = PBXFileReference; lastKnownFileType = sourcecode.swift; path = MarvelTests.swift; sourceTree = "<group>"; };
		F638FEF82B641AAA00A729FC /* MarvelUITests.xctest */ = {isa = PBXFileReference; explicitFileType = wrapper.cfbundle; includeInIndex = 0; path = MarvelUITests.xctest; sourceTree = BUILT_PRODUCTS_DIR; };
		F638FEFC2B641AAA00A729FC /* MarvelUITests.swift */ = {isa = PBXFileReference; lastKnownFileType = sourcecode.swift; path = MarvelUITests.swift; sourceTree = "<group>"; };
		F638FEFE2B641AAA00A729FC /* MarvelUITestsLaunchTests.swift */ = {isa = PBXFileReference; lastKnownFileType = sourcecode.swift; path = MarvelUITestsLaunchTests.swift; sourceTree = "<group>"; };
		F638FF0B2B641C4300A729FC /* MainVC.swift */ = {isa = PBXFileReference; lastKnownFileType = sourcecode.swift; path = MainVC.swift; sourceTree = "<group>"; };
		F638FF172B64285D00A729FC /* MainTableViewCell.swift */ = {isa = PBXFileReference; lastKnownFileType = sourcecode.swift; path = MainTableViewCell.swift; sourceTree = "<group>"; };
		F638FF192B64517600A729FC /* NetworkManager.swift */ = {isa = PBXFileReference; lastKnownFileType = sourcecode.swift; path = NetworkManager.swift; sourceTree = "<group>"; };
		F66A3DC82B67C0C400D72541 /* UiView + Loader.swift */ = {isa = PBXFileReference; lastKnownFileType = sourcecode.swift; path = "UiView + Loader.swift"; sourceTree = "<group>"; };
		F66A3DCA2B6816E300D72541 /* CinematicWorkCollectionViewCell.swift */ = {isa = PBXFileReference; lastKnownFileType = sourcecode.swift; path = CinematicWorkCollectionViewCell.swift; sourceTree = "<group>"; };
		F66A3DCC2B68522A00D72541 /* PreviewVC.swift */ = {isa = PBXFileReference; lastKnownFileType = sourcecode.swift; path = PreviewVC.swift; sourceTree = "<group>"; };
		F6919EE22B64FBC3009CBDA1 /* CharacterModel.swift */ = {isa = PBXFileReference; lastKnownFileType = sourcecode.swift; path = CharacterModel.swift; sourceTree = "<group>"; };
		F6919EE42B650B55009CBDA1 /* UIView+Constranits.swift */ = {isa = PBXFileReference; lastKnownFileType = sourcecode.swift; path = "UIView+Constranits.swift"; sourceTree = "<group>"; };
		F6919EE62B650E06009CBDA1 /* CharacterDetails.swift */ = {isa = PBXFileReference; lastKnownFileType = sourcecode.swift; path = CharacterDetails.swift; sourceTree = "<group>"; };
		F6919EE82B651394009CBDA1 /* Utilities.swift */ = {isa = PBXFileReference; lastKnownFileType = sourcecode.swift; path = Utilities.swift; sourceTree = "<group>"; };
		F6919EEA2B6517D9009CBDA1 /* MD5Alogrithm.swift */ = {isa = PBXFileReference; lastKnownFileType = sourcecode.swift; path = MD5Alogrithm.swift; sourceTree = "<group>"; };
		F6919EEC2B65599D009CBDA1 /* MainViewModel.swift */ = {isa = PBXFileReference; lastKnownFileType = sourcecode.swift; path = MainViewModel.swift; sourceTree = "<group>"; };
		F6919EEE2B65A509009CBDA1 /* SDWebImage.swift */ = {isa = PBXFileReference; lastKnownFileType = sourcecode.swift; path = SDWebImage.swift; sourceTree = "<group>"; };
		F6919EF02B65D1D6009CBDA1 /* UIView+Parallelogram.swift */ = {isa = PBXFileReference; lastKnownFileType = sourcecode.swift; path = "UIView+Parallelogram.swift"; sourceTree = "<group>"; };
		F6919EF22B668F04009CBDA1 /* Heroes Header.swift */ = {isa = PBXFileReference; lastKnownFileType = sourcecode.swift; path = "Heroes Header.swift"; sourceTree = "<group>"; };
		F6919EF42B669060009CBDA1 /* HeroesDetailsViewModel.swift */ = {isa = PBXFileReference; lastKnownFileType = sourcecode.swift; path = HeroesDetailsViewModel.swift; sourceTree = "<group>"; };
		F6919EF62B6699EB009CBDA1 /* HeroDetailsVC.swift */ = {isa = PBXFileReference; lastKnownFileType = sourcecode.swift; path = HeroDetailsVC.swift; sourceTree = "<group>"; };
		F6919EF82B66B8AD009CBDA1 /* CollectionViewCell.swift */ = {isa = PBXFileReference; lastKnownFileType = sourcecode.swift; path = CollectionViewCell.swift; sourceTree = "<group>"; };
		F6919EFA2B66C845009CBDA1 /* DescriptionCell.swift */ = {isa = PBXFileReference; lastKnownFileType = sourcecode.swift; path = DescriptionCell.swift; sourceTree = "<group>"; };
		F6DC086E2B691F3300D291B8 /* PreviewCell.swift */ = {isa = PBXFileReference; lastKnownFileType = sourcecode.swift; path = PreviewCell.swift; sourceTree = "<group>"; };
		F6DC08702B693D8C00D291B8 /* SplashVC.swift */ = {isa = PBXFileReference; lastKnownFileType = sourcecode.swift; path = SplashVC.swift; sourceTree = "<group>"; };
/* End PBXFileReference section */

/* Begin PBXFrameworksBuildPhase section */
		F638FED52B641AA900A729FC /* Frameworks */ = {
			isa = PBXFrameworksBuildPhase;
			buildActionMask = 2147483647;
			files = (
				604199789D641D28889E9B05 /* Pods_Marvel.framework in Frameworks */,
			);
			runOnlyForDeploymentPostprocessing = 0;
		};
		F638FEEB2B641AAA00A729FC /* Frameworks */ = {
			isa = PBXFrameworksBuildPhase;
			buildActionMask = 2147483647;
			files = (
			);
			runOnlyForDeploymentPostprocessing = 0;
		};
		F638FEF52B641AAA00A729FC /* Frameworks */ = {
			isa = PBXFrameworksBuildPhase;
			buildActionMask = 2147483647;
			files = (
			);
			runOnlyForDeploymentPostprocessing = 0;
		};
/* End PBXFrameworksBuildPhase section */

/* Begin PBXGroup section */
		9B4856CE2A0633EA6E3DDECD /* Pods */ = {
			isa = PBXGroup;
			children = (
				A1C340CCF344E3A1D4CB4094 /* Pods-Marvel.debug.xcconfig */,
				E2FB14A2B3A8674BC6E7F904 /* Pods-Marvel.release.xcconfig */,
			);
			path = Pods;
			sourceTree = "<group>";
		};
		C3BE1BB21783186AB6F972D5 /* Frameworks */ = {
			isa = PBXGroup;
			children = (
				87EFF4F0F52D9F27CD2C1868 /* Pods_Marvel.framework */,
			);
			name = Frameworks;
			sourceTree = "<group>";
		};
		F638FECF2B641AA900A729FC = {
			isa = PBXGroup;
			children = (
				F638FEDA2B641AA900A729FC /* Marvel */,
				F638FEF12B641AAA00A729FC /* MarvelTests */,
				F638FEFB2B641AAA00A729FC /* MarvelUITests */,
				F638FED92B641AA900A729FC /* Products */,
				9B4856CE2A0633EA6E3DDECD /* Pods */,
				C3BE1BB21783186AB6F972D5 /* Frameworks */,
			);
			sourceTree = "<group>";
		};
		F638FED92B641AA900A729FC /* Products */ = {
			isa = PBXGroup;
			children = (
				F638FED82B641AA900A729FC /* Marvel.app */,
				F638FEEE2B641AAA00A729FC /* MarvelTests.xctest */,
				F638FEF82B641AAA00A729FC /* MarvelUITests.xctest */,
			);
			name = Products;
			sourceTree = "<group>";
		};
		F638FEDA2B641AA900A729FC /* Marvel */ = {
			isa = PBXGroup;
			children = (
				F638FF142B64211000A729FC /* Extrentions */,
				F638FF162B64212C00A729FC /* Networking */,
				F638FF152B64212000A729FC /* Resources */,
				F638FF0F2B6420BE00A729FC /* Shared */,
				F68EC9DC2B698BDA00C9D280 /* LaunchScreen */,
				F68EC9CC2B6989A000C9D280 /* Heroes */,
				F68EC9D32B698ACA00C9D280 /* HeroesDetails */,
				F68EC9D92B698B7800C9D280 /* Preview */,
				F638FEE92B641AAA00A729FC /* Info.plist */,
			);
			path = Marvel;
			sourceTree = "<group>";
		};
		F638FEF12B641AAA00A729FC /* MarvelTests */ = {
			isa = PBXGroup;
			children = (
				F638FEF22B641AAA00A729FC /* MarvelTests.swift */,
			);
			path = MarvelTests;
			sourceTree = "<group>";
		};
		F638FEFB2B641AAA00A729FC /* MarvelUITests */ = {
			isa = PBXGroup;
			children = (
				F638FEFC2B641AAA00A729FC /* MarvelUITests.swift */,
				F638FEFE2B641AAA00A729FC /* MarvelUITestsLaunchTests.swift */,
			);
			path = MarvelUITests;
			sourceTree = "<group>";
		};
		F638FF0F2B6420BE00A729FC /* Shared */ = {
			isa = PBXGroup;
			children = (
				F638FEDB2B641AA900A729FC /* AppDelegate.swift */,
				F638FEDD2B641AA900A729FC /* SceneDelegate.swift */,
			);
			path = Shared;
			sourceTree = "<group>";
		};
		F638FF142B64211000A729FC /* Extrentions */ = {
			isa = PBXGroup;
			children = (
				F6919EE42B650B55009CBDA1 /* UIView+Constranits.swift */,
				F6919EEA2B6517D9009CBDA1 /* MD5Alogrithm.swift */,
				F6919EEE2B65A509009CBDA1 /* SDWebImage.swift */,
				F6919EF02B65D1D6009CBDA1 /* UIView+Parallelogram.swift */,
				F66A3DC82B67C0C400D72541 /* UiView + Loader.swift */,
			);
			path = Extrentions;
			sourceTree = "<group>";
		};
		F638FF152B64212000A729FC /* Resources */ = {
			isa = PBXGroup;
			children = (
				F638FEE42B641AAA00A729FC /* Assets.xcassets */,
			);
			path = Resources;
			sourceTree = "<group>";
		};
		F638FF162B64212C00A729FC /* Networking */ = {
			isa = PBXGroup;
			children = (
				F638FF192B64517600A729FC /* NetworkManager.swift */,
				F6919EE82B651394009CBDA1 /* Utilities.swift */,
			);
			path = Networking;
			sourceTree = "<group>";
		};
		F68EC9CC2B6989A000C9D280 /* Heroes */ = {
			isa = PBXGroup;
			children = (
				F68EC9D22B698A9400C9D280 /* Model */,
				F68EC9CF2B698A2700C9D280 /* View */,
				F68EC9CE2B6989F900C9D280 /* ViewModel */,
			);
			path = Heroes;
			sourceTree = "<group>";
		};
		F68EC9CD2B6989D400C9D280 /* MainVC */ = {
			isa = PBXGroup;
			children = (
				F638FF0B2B641C4300A729FC /* MainVC.swift */,
			);
			path = MainVC;
			sourceTree = "<group>";
		};
		F68EC9CE2B6989F900C9D280 /* ViewModel */ = {
			isa = PBXGroup;
			children = (
				F6919EEC2B65599D009CBDA1 /* MainViewModel.swift */,
			);
			path = ViewModel;
			sourceTree = "<group>";
		};
		F68EC9CF2B698A2700C9D280 /* View */ = {
			isa = PBXGroup;
			children = (
				F68EC9CD2B6989D400C9D280 /* MainVC */,
				F68EC9D12B698A6800C9D280 /* Cells */,
				F68EC9D02B698A4600C9D280 /* HeroHeader */,
			);
			path = View;
			sourceTree = "<group>";
		};
		F68EC9D02B698A4600C9D280 /* HeroHeader */ = {
			isa = PBXGroup;
			children = (
				F6919EF22B668F04009CBDA1 /* Heroes Header.swift */,
			);
			path = HeroHeader;
			sourceTree = "<group>";
		};
		F68EC9D12B698A6800C9D280 /* Cells */ = {
			isa = PBXGroup;
			children = (
				F6919EF82B66B8AD009CBDA1 /* CollectionViewCell.swift */,
				F638FF172B64285D00A729FC /* MainTableViewCell.swift */,
			);
			path = Cells;
			sourceTree = "<group>";
		};
		F68EC9D22B698A9400C9D280 /* Model */ = {
			isa = PBXGroup;
			children = (
				F6919EE22B64FBC3009CBDA1 /* CharacterModel.swift */,
			);
			path = Model;
			sourceTree = "<group>";
		};
		F68EC9D32B698ACA00C9D280 /* HeroesDetails */ = {
			isa = PBXGroup;
			children = (
				F68EC9D62B698B0200C9D280 /* Model */,
				F68EC9D52B698AF800C9D280 /* View */,
				F68EC9D42B698AE800C9D280 /* ViewModel */,
			);
			path = HeroesDetails;
			sourceTree = "<group>";
		};
		F68EC9D42B698AE800C9D280 /* ViewModel */ = {
			isa = PBXGroup;
			children = (
				F6919EF42B669060009CBDA1 /* HeroesDetailsViewModel.swift */,
			);
			path = ViewModel;
			sourceTree = "<group>";
		};
		F68EC9D52B698AF800C9D280 /* View */ = {
			isa = PBXGroup;
			children = (
				F68EC9D82B698B4500C9D280 /* Cells */,
				F68EC9D72B698B2E00C9D280 /* HeroDelailsVC */,
			);
			path = View;
			sourceTree = "<group>";
		};
		F68EC9D62B698B0200C9D280 /* Model */ = {
			isa = PBXGroup;
			children = (
				F6919EE62B650E06009CBDA1 /* CharacterDetails.swift */,
			);
			path = Model;
			sourceTree = "<group>";
		};
		F68EC9D72B698B2E00C9D280 /* HeroDelailsVC */ = {
			isa = PBXGroup;
			children = (
				F6919EF62B6699EB009CBDA1 /* HeroDetailsVC.swift */,
			);
			path = HeroDelailsVC;
			sourceTree = "<group>";
		};
		F68EC9D82B698B4500C9D280 /* Cells */ = {
			isa = PBXGroup;
			children = (
				F66A3DCA2B6816E300D72541 /* CinematicWorkCollectionViewCell.swift */,
				F6919EFA2B66C845009CBDA1 /* DescriptionCell.swift */,
			);
			path = Cells;
			sourceTree = "<group>";
		};
		F68EC9D92B698B7800C9D280 /* Preview */ = {
			isa = PBXGroup;
			children = (
				F68EC9DB2B698BC000C9D280 /* Cell */,
				F68EC9DA2B698BA100C9D280 /* Controller */,
			);
			path = Preview;
			sourceTree = "<group>";
		};
		F68EC9DA2B698BA100C9D280 /* Controller */ = {
			isa = PBXGroup;
			children = (
				F66A3DCC2B68522A00D72541 /* PreviewVC.swift */,
			);
			path = Controller;
			sourceTree = "<group>";
		};
		F68EC9DB2B698BC000C9D280 /* Cell */ = {
			isa = PBXGroup;
			children = (
				F6DC086E2B691F3300D291B8 /* PreviewCell.swift */,
			);
			path = Cell;
			sourceTree = "<group>";
		};
		F68EC9DC2B698BDA00C9D280 /* LaunchScreen */ = {
			isa = PBXGroup;
			children = (
				F6DC08702B693D8C00D291B8 /* SplashVC.swift */,
				F638FEE62B641AAA00A729FC /* LaunchScreen.storyboard */,
			);
			path = LaunchScreen;
			sourceTree = "<group>";
		};
/* End PBXGroup section */

/* Begin PBXNativeTarget section */
		F638FED72B641AA900A729FC /* Marvel */ = {
			isa = PBXNativeTarget;
			buildConfigurationList = F638FF022B641AAA00A729FC /* Build configuration list for PBXNativeTarget "Marvel" */;
			buildPhases = (
				9B8282166571F8ACF4133A36 /* [CP] Check Pods Manifest.lock */,
				F638FED42B641AA900A729FC /* Sources */,
				F638FED52B641AA900A729FC /* Frameworks */,
				F638FED62B641AA900A729FC /* Resources */,
				CE687C68D384E0B568BD0330 /* [CP] Embed Pods Frameworks */,
			);
			buildRules = (
			);
			dependencies = (
			);
			name = Marvel;
			productName = Marvel;
			productReference = F638FED82B641AA900A729FC /* Marvel.app */;
			productType = "com.apple.product-type.application";
		};
		F638FEED2B641AAA00A729FC /* MarvelTests */ = {
			isa = PBXNativeTarget;
			buildConfigurationList = F638FF052B641AAA00A729FC /* Build configuration list for PBXNativeTarget "MarvelTests" */;
			buildPhases = (
				F638FEEA2B641AAA00A729FC /* Sources */,
				F638FEEB2B641AAA00A729FC /* Frameworks */,
				F638FEEC2B641AAA00A729FC /* Resources */,
			);
			buildRules = (
			);
			dependencies = (
				F638FEF02B641AAA00A729FC /* PBXTargetDependency */,
			);
			name = MarvelTests;
			productName = MarvelTests;
			productReference = F638FEEE2B641AAA00A729FC /* MarvelTests.xctest */;
			productType = "com.apple.product-type.bundle.unit-test";
		};
		F638FEF72B641AAA00A729FC /* MarvelUITests */ = {
			isa = PBXNativeTarget;
			buildConfigurationList = F638FF082B641AAA00A729FC /* Build configuration list for PBXNativeTarget "MarvelUITests" */;
			buildPhases = (
				F638FEF42B641AAA00A729FC /* Sources */,
				F638FEF52B641AAA00A729FC /* Frameworks */,
				F638FEF62B641AAA00A729FC /* Resources */,
			);
			buildRules = (
			);
			dependencies = (
				F638FEFA2B641AAA00A729FC /* PBXTargetDependency */,
			);
			name = MarvelUITests;
			productName = MarvelUITests;
			productReference = F638FEF82B641AAA00A729FC /* MarvelUITests.xctest */;
			productType = "com.apple.product-type.bundle.ui-testing";
		};
/* End PBXNativeTarget section */

/* Begin PBXProject section */
		F638FED02B641AA900A729FC /* Project object */ = {
			isa = PBXProject;
			attributes = {
				BuildIndependentTargetsInParallel = 1;
				LastSwiftUpdateCheck = 1520;
				LastUpgradeCheck = 1520;
				TargetAttributes = {
					F638FED72B641AA900A729FC = {
						CreatedOnToolsVersion = 15.2;
					};
					F638FEED2B641AAA00A729FC = {
						CreatedOnToolsVersion = 15.2;
						TestTargetID = F638FED72B641AA900A729FC;
					};
					F638FEF72B641AAA00A729FC = {
						CreatedOnToolsVersion = 15.2;
						TestTargetID = F638FED72B641AA900A729FC;
					};
				};
			};
			buildConfigurationList = F638FED32B641AA900A729FC /* Build configuration list for PBXProject "Marvel" */;
			compatibilityVersion = "Xcode 14.0";
			developmentRegion = en;
			hasScannedForEncodings = 0;
			knownRegions = (
				en,
				Base,
			);
			mainGroup = F638FECF2B641AA900A729FC;
			productRefGroup = F638FED92B641AA900A729FC /* Products */;
			projectDirPath = "";
			projectRoot = "";
			targets = (
				F638FED72B641AA900A729FC /* Marvel */,
				F638FEED2B641AAA00A729FC /* MarvelTests */,
				F638FEF72B641AAA00A729FC /* MarvelUITests */,
			);
		};
/* End PBXProject section */

/* Begin PBXResourcesBuildPhase section */
		F638FED62B641AA900A729FC /* Resources */ = {
			isa = PBXResourcesBuildPhase;
			buildActionMask = 2147483647;
			files = (
				F638FEE82B641AAA00A729FC /* LaunchScreen.storyboard in Resources */,
				F638FEE52B641AAA00A729FC /* Assets.xcassets in Resources */,
			);
			runOnlyForDeploymentPostprocessing = 0;
		};
		F638FEEC2B641AAA00A729FC /* Resources */ = {
			isa = PBXResourcesBuildPhase;
			buildActionMask = 2147483647;
			files = (
			);
			runOnlyForDeploymentPostprocessing = 0;
		};
		F638FEF62B641AAA00A729FC /* Resources */ = {
			isa = PBXResourcesBuildPhase;
			buildActionMask = 2147483647;
			files = (
			);
			runOnlyForDeploymentPostprocessing = 0;
		};
/* End PBXResourcesBuildPhase section */

/* Begin PBXShellScriptBuildPhase section */
		9B8282166571F8ACF4133A36 /* [CP] Check Pods Manifest.lock */ = {
			isa = PBXShellScriptBuildPhase;
			buildActionMask = 2147483647;
			files = (
			);
			inputFileListPaths = (
			);
			inputPaths = (
				"${PODS_PODFILE_DIR_PATH}/Podfile.lock",
				"${PODS_ROOT}/Manifest.lock",
			);
			name = "[CP] Check Pods Manifest.lock";
			outputFileListPaths = (
			);
			outputPaths = (
				"$(DERIVED_FILE_DIR)/Pods-Marvel-checkManifestLockResult.txt",
			);
			runOnlyForDeploymentPostprocessing = 0;
			shellPath = /bin/sh;
			shellScript = "diff \"${PODS_PODFILE_DIR_PATH}/Podfile.lock\" \"${PODS_ROOT}/Manifest.lock\" > /dev/null\nif [ $? != 0 ] ; then\n    # print error to STDERR\n    echo \"error: The sandbox is not in sync with the Podfile.lock. Run 'pod install' or update your CocoaPods installation.\" >&2\n    exit 1\nfi\n# This output is used by Xcode 'outputs' to avoid re-running this script phase.\necho \"SUCCESS\" > \"${SCRIPT_OUTPUT_FILE_0}\"\n";
			showEnvVarsInLog = 0;
		};
		CE687C68D384E0B568BD0330 /* [CP] Embed Pods Frameworks */ = {
			isa = PBXShellScriptBuildPhase;
			buildActionMask = 2147483647;
			files = (
			);
			inputFileListPaths = (
				"${PODS_ROOT}/Target Support Files/Pods-Marvel/Pods-Marvel-frameworks-${CONFIGURATION}-input-files.xcfilelist",
			);
			name = "[CP] Embed Pods Frameworks";
			outputFileListPaths = (
				"${PODS_ROOT}/Target Support Files/Pods-Marvel/Pods-Marvel-frameworks-${CONFIGURATION}-output-files.xcfilelist",
			);
			runOnlyForDeploymentPostprocessing = 0;
			shellPath = /bin/sh;
			shellScript = "\"${PODS_ROOT}/Target Support Files/Pods-Marvel/Pods-Marvel-frameworks.sh\"\n";
			showEnvVarsInLog = 0;
		};
/* End PBXShellScriptBuildPhase section */

/* Begin PBXSourcesBuildPhase section */
		F638FED42B641AA900A729FC /* Sources */ = {
			isa = PBXSourcesBuildPhase;
			buildActionMask = 2147483647;
			files = (
				F66A3DCB2B6816E300D72541 /* CinematicWorkCollectionViewCell.swift in Sources */,
				F638FEDC2B641AA900A729FC /* AppDelegate.swift in Sources */,
				F638FF0D2B641C4300A729FC /* MainVC.swift in Sources */,
				F6DC086F2B691F3300D291B8 /* PreviewCell.swift in Sources */,
				F6DC08712B693D8C00D291B8 /* SplashVC.swift in Sources */,
				F66A3DC92B67C0C400D72541 /* UiView + Loader.swift in Sources */,
				F66A3DCD2B68522A00D72541 /* PreviewVC.swift in Sources */,
				F6919EFB2B66C845009CBDA1 /* DescriptionCell.swift in Sources */,
				F6919EF92B66B8AD009CBDA1 /* CollectionViewCell.swift in Sources */,
				F6919EF12B65D1D6009CBDA1 /* UIView+Parallelogram.swift in Sources */,
				F638FF1A2B64517600A729FC /* NetworkManager.swift in Sources */,
				F6919EE32B64FBC3009CBDA1 /* CharacterModel.swift in Sources */,
				F6919EF32B668F04009CBDA1 /* Heroes Header.swift in Sources */,
				F6919EE72B650E06009CBDA1 /* CharacterDetails.swift in Sources */,
				F638FF182B64285D00A729FC /* MainTableViewCell.swift in Sources */,
				F638FEDE2B641AA900A729FC /* SceneDelegate.swift in Sources */,
				F6919EE52B650B55009CBDA1 /* UIView+Constranits.swift in Sources */,
				F6919EEB2B6517D9009CBDA1 /* MD5Alogrithm.swift in Sources */,
				F6919EF72B6699EB009CBDA1 /* HeroDetailsVC.swift in Sources */,
				F6919EE92B651394009CBDA1 /* Utilities.swift in Sources */,
				F6919EED2B65599D009CBDA1 /* MainViewModel.swift in Sources */,
				F6919EEF2B65A509009CBDA1 /* SDWebImage.swift in Sources */,
				F6919EF52B669060009CBDA1 /* HeroesDetailsViewModel.swift in Sources */,
			);
			runOnlyForDeploymentPostprocessing = 0;
		};
		F638FEEA2B641AAA00A729FC /* Sources */ = {
			isa = PBXSourcesBuildPhase;
			buildActionMask = 2147483647;
			files = (
				F638FEF32B641AAA00A729FC /* MarvelTests.swift in Sources */,
			);
			runOnlyForDeploymentPostprocessing = 0;
		};
		F638FEF42B641AAA00A729FC /* Sources */ = {
			isa = PBXSourcesBuildPhase;
			buildActionMask = 2147483647;
			files = (
				F638FEFD2B641AAA00A729FC /* MarvelUITests.swift in Sources */,
				F638FEFF2B641AAA00A729FC /* MarvelUITestsLaunchTests.swift in Sources */,
			);
			runOnlyForDeploymentPostprocessing = 0;
		};
/* End PBXSourcesBuildPhase section */

/* Begin PBXTargetDependency section */
		F638FEF02B641AAA00A729FC /* PBXTargetDependency */ = {
			isa = PBXTargetDependency;
			target = F638FED72B641AA900A729FC /* Marvel */;
			targetProxy = F638FEEF2B641AAA00A729FC /* PBXContainerItemProxy */;
		};
		F638FEFA2B641AAA00A729FC /* PBXTargetDependency */ = {
			isa = PBXTargetDependency;
			target = F638FED72B641AA900A729FC /* Marvel */;
			targetProxy = F638FEF92B641AAA00A729FC /* PBXContainerItemProxy */;
		};
/* End PBXTargetDependency section */

/* Begin PBXVariantGroup section */
		F638FEE62B641AAA00A729FC /* LaunchScreen.storyboard */ = {
			isa = PBXVariantGroup;
			children = (
				F638FEE72B641AAA00A729FC /* Base */,
			);
			name = LaunchScreen.storyboard;
			sourceTree = "<group>";
		};
/* End PBXVariantGroup section */

/* Begin XCBuildConfiguration section */
		F638FF002B641AAA00A729FC /* Debug */ = {
			isa = XCBuildConfiguration;
			buildSettings = {
				ALWAYS_SEARCH_USER_PATHS = NO;
				ASSETCATALOG_COMPILER_GENERATE_SWIFT_ASSET_SYMBOL_EXTENSIONS = YES;
				CLANG_ANALYZER_NONNULL = YES;
				CLANG_ANALYZER_NUMBER_OBJECT_CONVERSION = YES_AGGRESSIVE;
				CLANG_CXX_LANGUAGE_STANDARD = "gnu++20";
				CLANG_ENABLE_MODULES = YES;
				CLANG_ENABLE_OBJC_ARC = YES;
				CLANG_ENABLE_OBJC_WEAK = YES;
				CLANG_WARN_BLOCK_CAPTURE_AUTORELEASING = YES;
				CLANG_WARN_BOOL_CONVERSION = YES;
				CLANG_WARN_COMMA = YES;
				CLANG_WARN_CONSTANT_CONVERSION = YES;
				CLANG_WARN_DEPRECATED_OBJC_IMPLEMENTATIONS = YES;
				CLANG_WARN_DIRECT_OBJC_ISA_USAGE = YES_ERROR;
				CLANG_WARN_DOCUMENTATION_COMMENTS = YES;
				CLANG_WARN_EMPTY_BODY = YES;
				CLANG_WARN_ENUM_CONVERSION = YES;
				CLANG_WARN_INFINITE_RECURSION = YES;
				CLANG_WARN_INT_CONVERSION = YES;
				CLANG_WARN_NON_LITERAL_NULL_CONVERSION = YES;
				CLANG_WARN_OBJC_IMPLICIT_RETAIN_SELF = YES;
				CLANG_WARN_OBJC_LITERAL_CONVERSION = YES;
				CLANG_WARN_OBJC_ROOT_CLASS = YES_ERROR;
				CLANG_WARN_QUOTED_INCLUDE_IN_FRAMEWORK_HEADER = YES;
				CLANG_WARN_RANGE_LOOP_ANALYSIS = YES;
				CLANG_WARN_STRICT_PROTOTYPES = YES;
				CLANG_WARN_SUSPICIOUS_MOVE = YES;
				CLANG_WARN_UNGUARDED_AVAILABILITY = YES_AGGRESSIVE;
				CLANG_WARN_UNREACHABLE_CODE = YES;
				CLANG_WARN__DUPLICATE_METHOD_MATCH = YES;
				COPY_PHASE_STRIP = NO;
				DEBUG_INFORMATION_FORMAT = dwarf;
				ENABLE_STRICT_OBJC_MSGSEND = YES;
				ENABLE_TESTABILITY = YES;
				ENABLE_USER_SCRIPT_SANDBOXING = NO;
				GCC_C_LANGUAGE_STANDARD = gnu17;
				GCC_DYNAMIC_NO_PIC = NO;
				GCC_NO_COMMON_BLOCKS = YES;
				GCC_OPTIMIZATION_LEVEL = 0;
				GCC_PREPROCESSOR_DEFINITIONS = (
					"DEBUG=1",
					"$(inherited)",
				);
				GCC_WARN_64_TO_32_BIT_CONVERSION = YES;
				GCC_WARN_ABOUT_RETURN_TYPE = YES_ERROR;
				GCC_WARN_UNDECLARED_SELECTOR = YES;
				GCC_WARN_UNINITIALIZED_AUTOS = YES_AGGRESSIVE;
				GCC_WARN_UNUSED_FUNCTION = YES;
				GCC_WARN_UNUSED_VARIABLE = YES;
				IPHONEOS_DEPLOYMENT_TARGET = 17.2;
				LOCALIZATION_PREFERS_STRING_CATALOGS = YES;
				MTL_ENABLE_DEBUG_INFO = INCLUDE_SOURCE;
				MTL_FAST_MATH = YES;
				ONLY_ACTIVE_ARCH = YES;
				SDKROOT = iphoneos;
				SWIFT_ACTIVE_COMPILATION_CONDITIONS = "DEBUG $(inherited)";
				SWIFT_OPTIMIZATION_LEVEL = "-Onone";
			};
			name = Debug;
		};
		F638FF012B641AAA00A729FC /* Release */ = {
			isa = XCBuildConfiguration;
			buildSettings = {
				ALWAYS_SEARCH_USER_PATHS = NO;
				ASSETCATALOG_COMPILER_GENERATE_SWIFT_ASSET_SYMBOL_EXTENSIONS = YES;
				CLANG_ANALYZER_NONNULL = YES;
				CLANG_ANALYZER_NUMBER_OBJECT_CONVERSION = YES_AGGRESSIVE;
				CLANG_CXX_LANGUAGE_STANDARD = "gnu++20";
				CLANG_ENABLE_MODULES = YES;
				CLANG_ENABLE_OBJC_ARC = YES;
				CLANG_ENABLE_OBJC_WEAK = YES;
				CLANG_WARN_BLOCK_CAPTURE_AUTORELEASING = YES;
				CLANG_WARN_BOOL_CONVERSION = YES;
				CLANG_WARN_COMMA = YES;
				CLANG_WARN_CONSTANT_CONVERSION = YES;
				CLANG_WARN_DEPRECATED_OBJC_IMPLEMENTATIONS = YES;
				CLANG_WARN_DIRECT_OBJC_ISA_USAGE = YES_ERROR;
				CLANG_WARN_DOCUMENTATION_COMMENTS = YES;
				CLANG_WARN_EMPTY_BODY = YES;
				CLANG_WARN_ENUM_CONVERSION = YES;
				CLANG_WARN_INFINITE_RECURSION = YES;
				CLANG_WARN_INT_CONVERSION = YES;
				CLANG_WARN_NON_LITERAL_NULL_CONVERSION = YES;
				CLANG_WARN_OBJC_IMPLICIT_RETAIN_SELF = YES;
				CLANG_WARN_OBJC_LITERAL_CONVERSION = YES;
				CLANG_WARN_OBJC_ROOT_CLASS = YES_ERROR;
				CLANG_WARN_QUOTED_INCLUDE_IN_FRAMEWORK_HEADER = YES;
				CLANG_WARN_RANGE_LOOP_ANALYSIS = YES;
				CLANG_WARN_STRICT_PROTOTYPES = YES;
				CLANG_WARN_SUSPICIOUS_MOVE = YES;
				CLANG_WARN_UNGUARDED_AVAILABILITY = YES_AGGRESSIVE;
				CLANG_WARN_UNREACHABLE_CODE = YES;
				CLANG_WARN__DUPLICATE_METHOD_MATCH = YES;
				COPY_PHASE_STRIP = NO;
				DEBUG_INFORMATION_FORMAT = "dwarf-with-dsym";
				ENABLE_NS_ASSERTIONS = NO;
				ENABLE_STRICT_OBJC_MSGSEND = YES;
				ENABLE_USER_SCRIPT_SANDBOXING = NO;
				GCC_C_LANGUAGE_STANDARD = gnu17;
				GCC_NO_COMMON_BLOCKS = YES;
				GCC_WARN_64_TO_32_BIT_CONVERSION = YES;
				GCC_WARN_ABOUT_RETURN_TYPE = YES_ERROR;
				GCC_WARN_UNDECLARED_SELECTOR = YES;
				GCC_WARN_UNINITIALIZED_AUTOS = YES_AGGRESSIVE;
				GCC_WARN_UNUSED_FUNCTION = YES;
				GCC_WARN_UNUSED_VARIABLE = YES;
				IPHONEOS_DEPLOYMENT_TARGET = 17.2;
				LOCALIZATION_PREFERS_STRING_CATALOGS = YES;
				MTL_ENABLE_DEBUG_INFO = NO;
				MTL_FAST_MATH = YES;
				SDKROOT = iphoneos;
				SWIFT_COMPILATION_MODE = wholemodule;
				VALIDATE_PRODUCT = YES;
			};
			name = Release;
		};
		F638FF032B641AAA00A729FC /* Debug */ = {
			isa = XCBuildConfiguration;
			baseConfigurationReference = A1C340CCF344E3A1D4CB4094 /* Pods-Marvel.debug.xcconfig */;
			buildSettings = {
				ASSETCATALOG_COMPILER_APPICON_NAME = AppIcon;
				ASSETCATALOG_COMPILER_GLOBAL_ACCENT_COLOR_NAME = AccentColor;
				CODE_SIGN_STYLE = Automatic;
				CURRENT_PROJECT_VERSION = 1;
				GENERATE_INFOPLIST_FILE = YES;
				INFOPLIST_FILE = Marvel/Info.plist;
				INFOPLIST_KEY_UIApplicationSupportsIndirectInputEvents = YES;
				INFOPLIST_KEY_UILaunchStoryboardName = LaunchScreen;
				INFOPLIST_KEY_UISupportedInterfaceOrientations_iPad = "UIInterfaceOrientationPortrait UIInterfaceOrientationPortraitUpsideDown UIInterfaceOrientationLandscapeLeft UIInterfaceOrientationLandscapeRight";
				INFOPLIST_KEY_UISupportedInterfaceOrientations_iPhone = "UIInterfaceOrientationPortrait UIInterfaceOrientationLandscapeLeft UIInterfaceOrientationLandscapeRight";
				LD_RUNPATH_SEARCH_PATHS = (
					"$(inherited)",
					"@executable_path/Frameworks",
				);
				MARKETING_VERSION = 1.0;
				PRODUCT_BUNDLE_IDENTIFIER = com.chefaa.Marvel;
				PRODUCT_NAME = "$(TARGET_NAME)";
				SWIFT_EMIT_LOC_STRINGS = YES;
				SWIFT_VERSION = 5.0;
				TARGETED_DEVICE_FAMILY = "1,2";
			};
			name = Debug;
		};
		F638FF042B641AAA00A729FC /* Release */ = {
			isa = XCBuildConfiguration;
			baseConfigurationReference = E2FB14A2B3A8674BC6E7F904 /* Pods-Marvel.release.xcconfig */;
			buildSettings = {
				ASSETCATALOG_COMPILER_APPICON_NAME = AppIcon;
				ASSETCATALOG_COMPILER_GLOBAL_ACCENT_COLOR_NAME = AccentColor;
				CODE_SIGN_STYLE = Automatic;
				CURRENT_PROJECT_VERSION = 1;
				GENERATE_INFOPLIST_FILE = YES;
				INFOPLIST_FILE = Marvel/Info.plist;
				INFOPLIST_KEY_UIApplicationSupportsIndirectInputEvents = YES;
				INFOPLIST_KEY_UILaunchStoryboardName = LaunchScreen;
				INFOPLIST_KEY_UISupportedInterfaceOrientations_iPad = "UIInterfaceOrientationPortrait UIInterfaceOrientationPortraitUpsideDown UIInterfaceOrientationLandscapeLeft UIInterfaceOrientationLandscapeRight";
				INFOPLIST_KEY_UISupportedInterfaceOrientations_iPhone = "UIInterfaceOrientationPortrait UIInterfaceOrientationLandscapeLeft UIInterfaceOrientationLandscapeRight";
				LD_RUNPATH_SEARCH_PATHS = (
					"$(inherited)",
					"@executable_path/Frameworks",
				);
				MARKETING_VERSION = 1.0;
				PRODUCT_BUNDLE_IDENTIFIER = com.chefaa.Marvel;
				PRODUCT_NAME = "$(TARGET_NAME)";
				SWIFT_EMIT_LOC_STRINGS = YES;
				SWIFT_VERSION = 5.0;
				TARGETED_DEVICE_FAMILY = "1,2";
			};
			name = Release;
		};
		F638FF062B641AAA00A729FC /* Debug */ = {
			isa = XCBuildConfiguration;
			buildSettings = {
				ALWAYS_EMBED_SWIFT_STANDARD_LIBRARIES = YES;
				BUNDLE_LOADER = "$(TEST_HOST)";
				CODE_SIGN_STYLE = Automatic;
				CURRENT_PROJECT_VERSION = 1;
				GENERATE_INFOPLIST_FILE = YES;
				IPHONEOS_DEPLOYMENT_TARGET = 17.2;
				MARKETING_VERSION = 1.0;
				PRODUCT_BUNDLE_IDENTIFIER = com.chefaa.MarvelTests;
				PRODUCT_NAME = "$(TARGET_NAME)";
				SWIFT_EMIT_LOC_STRINGS = NO;
				SWIFT_VERSION = 5.0;
				TARGETED_DEVICE_FAMILY = "1,2";
				TEST_HOST = "$(BUILT_PRODUCTS_DIR)/Marvel.app/$(BUNDLE_EXECUTABLE_FOLDER_PATH)/Marvel";
			};
			name = Debug;
		};
		F638FF072B641AAA00A729FC /* Release */ = {
			isa = XCBuildConfiguration;
			buildSettings = {
				ALWAYS_EMBED_SWIFT_STANDARD_LIBRARIES = YES;
				BUNDLE_LOADER = "$(TEST_HOST)";
				CODE_SIGN_STYLE = Automatic;
				CURRENT_PROJECT_VERSION = 1;
				GENERATE_INFOPLIST_FILE = YES;
				IPHONEOS_DEPLOYMENT_TARGET = 17.2;
				MARKETING_VERSION = 1.0;
				PRODUCT_BUNDLE_IDENTIFIER = com.chefaa.MarvelTests;
				PRODUCT_NAME = "$(TARGET_NAME)";
				SWIFT_EMIT_LOC_STRINGS = NO;
				SWIFT_VERSION = 5.0;
				TARGETED_DEVICE_FAMILY = "1,2";
				TEST_HOST = "$(BUILT_PRODUCTS_DIR)/Marvel.app/$(BUNDLE_EXECUTABLE_FOLDER_PATH)/Marvel";
			};
			name = Release;
		};
		F638FF092B641AAA00A729FC /* Debug */ = {
			isa = XCBuildConfiguration;
			buildSettings = {
				ALWAYS_EMBED_SWIFT_STANDARD_LIBRARIES = YES;
				CODE_SIGN_STYLE = Automatic;
				CURRENT_PROJECT_VERSION = 1;
				GENERATE_INFOPLIST_FILE = YES;
				MARKETING_VERSION = 1.0;
				PRODUCT_BUNDLE_IDENTIFIER = com.chefaa.MarvelUITests;
				PRODUCT_NAME = "$(TARGET_NAME)";
				SWIFT_EMIT_LOC_STRINGS = NO;
				SWIFT_VERSION = 5.0;
				TARGETED_DEVICE_FAMILY = "1,2";
				TEST_TARGET_NAME = Marvel;
			};
			name = Debug;
		};
		F638FF0A2B641AAA00A729FC /* Release */ = {
			isa = XCBuildConfiguration;
			buildSettings = {
				ALWAYS_EMBED_SWIFT_STANDARD_LIBRARIES = YES;
				CODE_SIGN_STYLE = Automatic;
				CURRENT_PROJECT_VERSION = 1;
				GENERATE_INFOPLIST_FILE = YES;
				MARKETING_VERSION = 1.0;
				PRODUCT_BUNDLE_IDENTIFIER = com.chefaa.MarvelUITests;
				PRODUCT_NAME = "$(TARGET_NAME)";
				SWIFT_EMIT_LOC_STRINGS = NO;
				SWIFT_VERSION = 5.0;
				TARGETED_DEVICE_FAMILY = "1,2";
				TEST_TARGET_NAME = Marvel;
			};
			name = Release;
		};
/* End XCBuildConfiguration section */

/* Begin XCConfigurationList section */
		F638FED32B641AA900A729FC /* Build configuration list for PBXProject "Marvel" */ = {
			isa = XCConfigurationList;
			buildConfigurations = (
				F638FF002B641AAA00A729FC /* Debug */,
				F638FF012B641AAA00A729FC /* Release */,
			);
			defaultConfigurationIsVisible = 0;
			defaultConfigurationName = Release;
		};
		F638FF022B641AAA00A729FC /* Build configuration list for PBXNativeTarget "Marvel" */ = {
			isa = XCConfigurationList;
			buildConfigurations = (
				F638FF032B641AAA00A729FC /* Debug */,
				F638FF042B641AAA00A729FC /* Release */,
			);
			defaultConfigurationIsVisible = 0;
			defaultConfigurationName = Release;
		};
		F638FF052B641AAA00A729FC /* Build configuration list for PBXNativeTarget "MarvelTests" */ = {
			isa = XCConfigurationList;
			buildConfigurations = (
				F638FF062B641AAA00A729FC /* Debug */,
				F638FF072B641AAA00A729FC /* Release */,
			);
			defaultConfigurationIsVisible = 0;
			defaultConfigurationName = Release;
		};
		F638FF082B641AAA00A729FC /* Build configuration list for PBXNativeTarget "MarvelUITests" */ = {
			isa = XCConfigurationList;
			buildConfigurations = (
				F638FF092B641AAA00A729FC /* Debug */,
				F638FF0A2B641AAA00A729FC /* Release */,
			);
			defaultConfigurationIsVisible = 0;
			defaultConfigurationName = Release;
		};
/* End XCConfigurationList section */
	};
	rootObject = F638FED02B641AA900A729FC /* Project object */;
}
